
Microsoft Visual Studio Solution File, Format Version 12.00
# Visual Studio 15
VisualStudioVersion = 15.0.26730.16
MinimumVisualStudioVersion = 10.0.40219.1
Project("{9A19103F-16F7-4668-BE54-9A1E7A4F7556}") = "SA.WebApi", "SocialAnalizeBackend\SA.WebApi.csproj", "{66C6090D-1A48-44AB-9A65-CC7D60641447}"
EndProject
Project("{9A19103F-16F7-4668-BE54-9A1E7A4F7556}") = "SA.Backend", "SAB.Backend\SA.Backend.csproj", "{927D3107-0DE2-41CD-8A9E-254B786A2A55}"
EndProject
Project("{9A19103F-16F7-4668-BE54-9A1E7A4F7556}") = "SA.Contracts", "SAB.Contracts\SA.Contracts.csproj", "{81C53EA6-13C9-4964-BC92-4AC33A943CEA}"
EndProject
Project("{9A19103F-16F7-4668-BE54-9A1E7A4F7556}") = "SA.DB", "SAB.DB\SA.DB.csproj", "{35F2B99C-1CF7-4656-A12D-37EC3AD28FB9}"
EndProject
Project("{9A19103F-16F7-4668-BE54-9A1E7A4F7556}") = "SA.Integrator", "SAB.Integrator\SA.Integrator.csproj", "{D42EFE71-7DC3-4F27-967F-D2E530C8E1B2}"
EndProject
Global
	GlobalSection(SolutionConfigurationPlatforms) = preSolution
		Debug|Any CPU = Debug|Any CPU
		Release|Any CPU = Release|Any CPU
	EndGlobalSection
	GlobalSection(ProjectConfigurationPlatforms) = postSolution
		{66C6090D-1A48-44AB-9A65-CC7D60641447}.Debug|Any CPU.ActiveCfg = Debug|Any CPU
		{66C6090D-1A48-44AB-9A65-CC7D60641447}.Debug|Any CPU.Build.0 = Debug|Any CPU
		{66C6090D-1A48-44AB-9A65-CC7D60641447}.Release|Any CPU.ActiveCfg = Release|Any CPU
		{66C6090D-1A48-44AB-9A65-CC7D60641447}.Release|Any CPU.Build.0 = Release|Any CPU
		{927D3107-0DE2-41CD-8A9E-254B786A2A55}.Debug|Any CPU.ActiveCfg = Debug|Any CPU
		{927D3107-0DE2-41CD-8A9E-254B786A2A55}.Debug|Any CPU.Build.0 = Debug|Any CPU
		{927D3107-0DE2-41CD-8A9E-254B786A2A55}.Release|Any CPU.ActiveCfg = Release|Any CPU
		{927D3107-0DE2-41CD-8A9E-254B786A2A55}.Release|Any CPU.Build.0 = Release|Any CPU
		{81C53EA6-13C9-4964-BC92-4AC33A943CEA}.Debug|Any CPU.ActiveCfg = Debug|Any CPU
		{81C53EA6-13C9-4964-BC92-4AC33A943CEA}.Debug|Any CPU.Build.0 = Debug|Any CPU
		{81C53EA6-13C9-4964-BC92-4AC33A943CEA}.Release|Any CPU.ActiveCfg = Release|Any CPU
		{81C53EA6-13C9-4964-BC92-4AC33A943CEA}.Release|Any CPU.Build.0 = Release|Any CPU
		{35F2B99C-1CF7-4656-A12D-37EC3AD28FB9}.Debug|Any CPU.ActiveCfg = Debug|Any CPU
		{35F2B99C-1CF7-4656-A12D-37EC3AD28FB9}.Debug|Any CPU.Build.0 = Debug|Any CPU
		{35F2B99C-1CF7-4656-A12D-37EC3AD28FB9}.Release|Any CPU.ActiveCfg = Release|Any CPU
		{35F2B99C-1CF7-4656-A12D-37EC3AD28FB9}.Release|Any CPU.Build.0 = Release|Any CPU
		{D42EFE71-7DC3-4F27-967F-D2E530C8E1B2}.Debug|Any CPU.ActiveCfg = Debug|Any CPU
		{D42EFE71-7DC3-4F27-967F-D2E530C8E1B2}.Debug|Any CPU.Build.0 = Debug|Any CPU
		{D42EFE71-7DC3-4F27-967F-D2E530C8E1B2}.Release|Any CPU.ActiveCfg = Release|Any CPU
		{D42EFE71-7DC3-4F27-967F-D2E530C8E1B2}.Release|Any CPU.Build.0 = Release|Any CPU
	EndGlobalSection
	GlobalSection(SolutionProperties) = preSolution
		HideSolutionNode = FALSE
	EndGlobalSection
	GlobalSection(ExtensibilityGlobals) = postSolution
		SolutionGuid = {7369D7ED-DF70-4F2F-99F1-77C793A31029}
	EndGlobalSection
EndGlobal
