
Microsoft Visual Studio Solution File, Format Version 12.00
# Visual Studio 15
VisualStudioVersion = 15.0.26730.16
MinimumVisualStudioVersion = 10.0.40219.1
Project("{FAE04EC0-301F-11D3-BF4B-00C04F79EFBC}") = "SocialAnalize", "SocialAnalize\SocialAnalize.csproj", "{48D46A96-B116-4C8D-9077-E7707575D846}"
EndProject
Project("{E53339B2-1760-4266-BCC7-CA923CBCF16C}") = "docker-compose", "docker-compose.dcproj", "{AD0A9F38-00F0-4A15-BC6B-E2785F2607F1}"
EndProject
Global
	GlobalSection(SolutionConfigurationPlatforms) = preSolution
		Debug|Any CPU = Debug|Any CPU
		Release|Any CPU = Release|Any CPU
	EndGlobalSection
	GlobalSection(ProjectConfigurationPlatforms) = postSolution
		{48D46A96-B116-4C8D-9077-E7707575D846}.Debug|Any CPU.ActiveCfg = Debug|Any CPU
		{48D46A96-B116-4C8D-9077-E7707575D846}.Debug|Any CPU.Build.0 = Debug|Any CPU
		{48D46A96-B116-4C8D-9077-E7707575D846}.Release|Any CPU.ActiveCfg = Release|Any CPU
		{48D46A96-B116-4C8D-9077-E7707575D846}.Release|Any CPU.Build.0 = Release|Any CPU
		{AD0A9F38-00F0-4A15-BC6B-E2785F2607F1}.Debug|Any CPU.ActiveCfg = Debug|Any CPU
		{AD0A9F38-00F0-4A15-BC6B-E2785F2607F1}.Debug|Any CPU.Build.0 = Debug|Any CPU
		{AD0A9F38-00F0-4A15-BC6B-E2785F2607F1}.Release|Any CPU.ActiveCfg = Release|Any CPU
		{AD0A9F38-00F0-4A15-BC6B-E2785F2607F1}.Release|Any CPU.Build.0 = Release|Any CPU
	EndGlobalSection
	GlobalSection(SolutionProperties) = preSolution
		HideSolutionNode = FALSE
	EndGlobalSection
	GlobalSection(ExtensibilityGlobals) = postSolution
		SolutionGuid = {95558A16-6C16-4D7B-86BE-8B4595FB972E}
	EndGlobalSection
EndGlobal
