
Microsoft Visual Studio Solution File, Format Version 12.00
# Visual Studio 15
VisualStudioVersion = 15.0.26730.16
MinimumVisualStudioVersion = 10.0.40219.1
Project("{FAE04EC0-301F-11D3-BF4B-00C04F79EFBC}") = "SocialAnalizeBackend", "SocialAnalizeBackend\SocialAnalizeBackend.csproj", "{17CB0104-9731-4927-AD14-DF0C6D8A29CC}"
EndProject
Global
	GlobalSection(SolutionConfigurationPlatforms) = preSolution
		Debug|Any CPU = Debug|Any CPU
		Release|Any CPU = Release|Any CPU
	EndGlobalSection
	GlobalSection(ProjectConfigurationPlatforms) = postSolution
		{17CB0104-9731-4927-AD14-DF0C6D8A29CC}.Debug|Any CPU.ActiveCfg = Debug|Any CPU
		{17CB0104-9731-4927-AD14-DF0C6D8A29CC}.Debug|Any CPU.Build.0 = Debug|Any CPU
		{17CB0104-9731-4927-AD14-DF0C6D8A29CC}.Release|Any CPU.ActiveCfg = Release|Any CPU
		{17CB0104-9731-4927-AD14-DF0C6D8A29CC}.Release|Any CPU.Build.0 = Release|Any CPU
	EndGlobalSection
	GlobalSection(SolutionProperties) = preSolution
		HideSolutionNode = FALSE
	EndGlobalSection
	GlobalSection(ExtensibilityGlobals) = postSolution
		SolutionGuid = {81F7A3EB-8E9A-463D-862D-BEF3613644AF}
	EndGlobalSection
EndGlobal
