
Microsoft Visual Studio Solution File, Format Version 12.00
# Visual Studio 15
VisualStudioVersion = 15.0.26730.16
MinimumVisualStudioVersion = 10.0.40219.1
Project("{FAE04EC0-301F-11D3-BF4B-00C04F79EFBC}") = "SocialTest", "SocialTest\SocialTest.csproj", "{4827EF09-927E-4290-B1BB-8C281922AEDC}"
EndProject
Global
	GlobalSection(SolutionConfigurationPlatforms) = preSolution
		Debug|Any CPU = Debug|Any CPU
		Release|Any CPU = Release|Any CPU
	EndGlobalSection
	GlobalSection(ProjectConfigurationPlatforms) = postSolution
		{4827EF09-927E-4290-B1BB-8C281922AEDC}.Debug|Any CPU.ActiveCfg = Debug|Any CPU
		{4827EF09-927E-4290-B1BB-8C281922AEDC}.Debug|Any CPU.Build.0 = Debug|Any CPU
		{4827EF09-927E-4290-B1BB-8C281922AEDC}.Release|Any CPU.ActiveCfg = Release|Any CPU
		{4827EF09-927E-4290-B1BB-8C281922AEDC}.Release|Any CPU.Build.0 = Release|Any CPU
	EndGlobalSection
	GlobalSection(SolutionProperties) = preSolution
		HideSolutionNode = FALSE
	EndGlobalSection
	GlobalSection(ExtensibilityGlobals) = postSolution
		SolutionGuid = {0C7ED197-D91C-4E6F-84EF-5F7AE3549A27}
	EndGlobalSection
EndGlobal
